
Microsoft Visual Studio Solution File, Format Version 12.00
# Visual Studio Version 17
VisualStudioVersion = 17.4.33103.184
MinimumVisualStudioVersion = 10.0.40219.1
Project("{FAE04EC0-301F-11D3-BF4B-00C04F79EFBC}") = "webapi.event-tarde", "webapi.event-tarde.csproj", "{DC1F5E21-35F4-4325-8A6C-5EFD5844737D}"
EndProject
Global
	GlobalSection(SolutionConfigurationPlatforms) = preSolution
		Debug|Any CPU = Debug|Any CPU
		Release|Any CPU = Release|Any CPU
	EndGlobalSection
	GlobalSection(ProjectConfigurationPlatforms) = postSolution
		{DC1F5E21-35F4-4325-8A6C-5EFD5844737D}.Debug|Any CPU.ActiveCfg = Debug|Any CPU
		{DC1F5E21-35F4-4325-8A6C-5EFD5844737D}.Debug|Any CPU.Build.0 = Debug|Any CPU
		{DC1F5E21-35F4-4325-8A6C-5EFD5844737D}.Release|Any CPU.ActiveCfg = Release|Any CPU
		{DC1F5E21-35F4-4325-8A6C-5EFD5844737D}.Release|Any CPU.Build.0 = Release|Any CPU
	EndGlobalSection
	GlobalSection(SolutionProperties) = preSolution
		HideSolutionNode = FALSE
	EndGlobalSection
	GlobalSection(ExtensibilityGlobals) = postSolution
		SolutionGuid = {DB8FF835-BE89-4F02-B549-4A57BE527032}
	EndGlobalSection
EndGlobal
