
Microsoft Visual Studio Solution File, Format Version 12.00
# Visual Studio Version 17
VisualStudioVersion = 17.4.33103.184
MinimumVisualStudioVersion = 10.0.40219.1
Project("{FAE04EC0-301F-11D3-BF4B-00C04F79EFBC}") = "webapi.inlock.tarde", "webapi.inlock.tarde.csproj", "{B2688A25-69CD-4414-ABAC-A3230BDC50F1}"
EndProject
Global
	GlobalSection(SolutionConfigurationPlatforms) = preSolution
		Debug|Any CPU = Debug|Any CPU
		Release|Any CPU = Release|Any CPU
	EndGlobalSection
	GlobalSection(ProjectConfigurationPlatforms) = postSolution
		{B2688A25-69CD-4414-ABAC-A3230BDC50F1}.Debug|Any CPU.ActiveCfg = Debug|Any CPU
		{B2688A25-69CD-4414-ABAC-A3230BDC50F1}.Debug|Any CPU.Build.0 = Debug|Any CPU
		{B2688A25-69CD-4414-ABAC-A3230BDC50F1}.Release|Any CPU.ActiveCfg = Release|Any CPU
		{B2688A25-69CD-4414-ABAC-A3230BDC50F1}.Release|Any CPU.Build.0 = Release|Any CPU
	EndGlobalSection
	GlobalSection(SolutionProperties) = preSolution
		HideSolutionNode = FALSE
	EndGlobalSection
	GlobalSection(ExtensibilityGlobals) = postSolution
		SolutionGuid = {ECA0CE4D-6771-4605-A736-D7B39675DEA4}
	EndGlobalSection
EndGlobal
