
Microsoft Visual Studio Solution File, Format Version 12.00
# Visual Studio Version 17
VisualStudioVersion = 17.4.33103.184
MinimumVisualStudioVersion = 10.0.40219.1
Project("{FAE04EC0-301F-11D3-BF4B-00C04F79EFBC}") = "webapi.filmes.tarde", "webapi.filmes.tarde.csproj", "{08502BD2-292D-415F-91A5-94D8EE82A3FD}"
EndProject
Global
	GlobalSection(SolutionConfigurationPlatforms) = preSolution
		Debug|Any CPU = Debug|Any CPU
		Release|Any CPU = Release|Any CPU
	EndGlobalSection
	GlobalSection(ProjectConfigurationPlatforms) = postSolution
		{08502BD2-292D-415F-91A5-94D8EE82A3FD}.Debug|Any CPU.ActiveCfg = Debug|Any CPU
		{08502BD2-292D-415F-91A5-94D8EE82A3FD}.Debug|Any CPU.Build.0 = Debug|Any CPU
		{08502BD2-292D-415F-91A5-94D8EE82A3FD}.Release|Any CPU.ActiveCfg = Release|Any CPU
		{08502BD2-292D-415F-91A5-94D8EE82A3FD}.Release|Any CPU.Build.0 = Release|Any CPU
	EndGlobalSection
	GlobalSection(SolutionProperties) = preSolution
		HideSolutionNode = FALSE
	EndGlobalSection
	GlobalSection(ExtensibilityGlobals) = postSolution
		SolutionGuid = {A7A6B1DB-F023-4319-89FF-DBD0725093FB}
	EndGlobalSection
EndGlobal
